
Microsoft Visual Studio Solution File, Format Version 12.00
# Visual Studio Version 17
VisualStudioVersion = 17.7.34202.233
MinimumVisualStudioVersion = 10.0.40219.1
Project("{9A19103F-16F7-4668-BE54-9A1E7A4F7556}") = "Functional.EuclideanPlane", "src\Functional.EuclideanPlane\Functional.EuclideanPlane.csproj", "{E4545580-A8A8-41BD-B6C9-094ED4797A75}"
EndProject
Project("{9A19103F-16F7-4668-BE54-9A1E7A4F7556}") = "Functional.Core.WPF", "src\Functional.Core.WPF\Functional.Core.WPF.csproj", "{CA3B0283-1524-425D-BDBB-2C0AF890202C}"
EndProject
Project("{9A19103F-16F7-4668-BE54-9A1E7A4F7556}") = "Functional.Set", "src\Functional.Set\Functional.Set.csproj", "{0667A427-0B21-4AA7-A69B-27750CD5E2B4}"
EndProject
Project("{9A19103F-16F7-4668-BE54-9A1E7A4F7556}") = "Functional.Core", "src\Functional.Core\Functional.Core.csproj", "{2B79DFC1-AA7E-4BF4-8945-F449B47E7FD7}"
EndProject
Project("{9A19103F-16F7-4668-BE54-9A1E7A4F7556}") = "Functional.Laziness", "src\Functional.Laziness\Functional.Laziness.csproj", "{ABAEB197-AE46-4849-A8C8-BEC3E9BF72F2}"
EndProject
Project("{2150E333-8FDC-42A3-9474-1A3956D46DE8}") = ".github", ".github", "{F7BF0E05-70B7-4AEF-8207-0C7128E6CC08}"
EndProject
Project("{2150E333-8FDC-42A3-9474-1A3956D46DE8}") = "workflows", "workflows", "{6A3D6C51-AECA-47EA-B638-C3221E9B1C71}"
	ProjectSection(SolutionItems) = preProject
		.github\workflows\build.yml = .github\workflows\build.yml
	EndProjectSection
EndProject
Project("{2150E333-8FDC-42A3-9474-1A3956D46DE8}") = "global", "global", "{621A15E1-A08E-4138-BDE1-7133973DA3BC}"
	ProjectSection(SolutionItems) = preProject
		README.md = README.md
	EndProjectSection
EndProject
Global
	GlobalSection(SolutionConfigurationPlatforms) = preSolution
		Debug|Any CPU = Debug|Any CPU
		Release|Any CPU = Release|Any CPU
	EndGlobalSection
	GlobalSection(ProjectConfigurationPlatforms) = postSolution
		{E4545580-A8A8-41BD-B6C9-094ED4797A75}.Debug|Any CPU.ActiveCfg = Debug|Any CPU
		{E4545580-A8A8-41BD-B6C9-094ED4797A75}.Debug|Any CPU.Build.0 = Debug|Any CPU
		{E4545580-A8A8-41BD-B6C9-094ED4797A75}.Release|Any CPU.ActiveCfg = Release|Any CPU
		{E4545580-A8A8-41BD-B6C9-094ED4797A75}.Release|Any CPU.Build.0 = Release|Any CPU
		{CA3B0283-1524-425D-BDBB-2C0AF890202C}.Debug|Any CPU.ActiveCfg = Debug|Any CPU
		{CA3B0283-1524-425D-BDBB-2C0AF890202C}.Debug|Any CPU.Build.0 = Debug|Any CPU
		{CA3B0283-1524-425D-BDBB-2C0AF890202C}.Release|Any CPU.ActiveCfg = Release|Any CPU
		{CA3B0283-1524-425D-BDBB-2C0AF890202C}.Release|Any CPU.Build.0 = Release|Any CPU
		{0667A427-0B21-4AA7-A69B-27750CD5E2B4}.Debug|Any CPU.ActiveCfg = Debug|Any CPU
		{0667A427-0B21-4AA7-A69B-27750CD5E2B4}.Debug|Any CPU.Build.0 = Debug|Any CPU
		{0667A427-0B21-4AA7-A69B-27750CD5E2B4}.Release|Any CPU.ActiveCfg = Release|Any CPU
		{0667A427-0B21-4AA7-A69B-27750CD5E2B4}.Release|Any CPU.Build.0 = Release|Any CPU
		{2B79DFC1-AA7E-4BF4-8945-F449B47E7FD7}.Debug|Any CPU.ActiveCfg = Debug|Any CPU
		{2B79DFC1-AA7E-4BF4-8945-F449B47E7FD7}.Debug|Any CPU.Build.0 = Debug|Any CPU
		{2B79DFC1-AA7E-4BF4-8945-F449B47E7FD7}.Release|Any CPU.ActiveCfg = Release|Any CPU
		{2B79DFC1-AA7E-4BF4-8945-F449B47E7FD7}.Release|Any CPU.Build.0 = Release|Any CPU
		{ABAEB197-AE46-4849-A8C8-BEC3E9BF72F2}.Debug|Any CPU.ActiveCfg = Debug|Any CPU
		{ABAEB197-AE46-4849-A8C8-BEC3E9BF72F2}.Debug|Any CPU.Build.0 = Debug|Any CPU
		{ABAEB197-AE46-4849-A8C8-BEC3E9BF72F2}.Release|Any CPU.ActiveCfg = Release|Any CPU
		{ABAEB197-AE46-4849-A8C8-BEC3E9BF72F2}.Release|Any CPU.Build.0 = Release|Any CPU
	EndGlobalSection
	GlobalSection(SolutionProperties) = preSolution
		HideSolutionNode = FALSE
	EndGlobalSection
	GlobalSection(NestedProjects) = preSolution
		{6A3D6C51-AECA-47EA-B638-C3221E9B1C71} = {F7BF0E05-70B7-4AEF-8207-0C7128E6CC08}
	EndGlobalSection
	GlobalSection(ExtensibilityGlobals) = postSolution
		SolutionGuid = {8B711D8E-F5D4-4B1F-9952-BBA2574B82E8}
	EndGlobalSection
EndGlobal
